
Microsoft Visual Studio Solution File, Format Version 12.00
# Visual Studio Version 17
VisualStudioVersion = 17.5.33627.172
MinimumVisualStudioVersion = 10.0.40219.1
Project("{FAE04EC0-301F-11D3-BF4B-00C04F79EFBC}") = "AdvertisingAgency", "AdvertisingAgency.csproj", "{CEA9EEE9-BB1C-41A6-A119-847CE7A31DD4}"
EndProject
Global
	GlobalSection(SolutionConfigurationPlatforms) = preSolution
		Debug|Any CPU = Debug|Any CPU
		Release|Any CPU = Release|Any CPU
	EndGlobalSection
	GlobalSection(ProjectConfigurationPlatforms) = postSolution
		{CEA9EEE9-BB1C-41A6-A119-847CE7A31DD4}.Debug|Any CPU.ActiveCfg = Debug|Any CPU
		{CEA9EEE9-BB1C-41A6-A119-847CE7A31DD4}.Debug|Any CPU.Build.0 = Debug|Any CPU
		{CEA9EEE9-BB1C-41A6-A119-847CE7A31DD4}.Release|Any CPU.ActiveCfg = Release|Any CPU
		{CEA9EEE9-BB1C-41A6-A119-847CE7A31DD4}.Release|Any CPU.Build.0 = Release|Any CPU
	EndGlobalSection
	GlobalSection(SolutionProperties) = preSolution
		HideSolutionNode = FALSE
	EndGlobalSection
	GlobalSection(ExtensibilityGlobals) = postSolution
		SolutionGuid = {202E5EF4-A460-48E8-965E-E21956C4D840}
	EndGlobalSection
EndGlobal
